// !$*UTF8*$!
{
	archiveVersion = 1;
	classes = {
	};
	objectVersion = 46;
	objects = {

/* Begin PBXBuildFile section */
		187878160C2E9ED1A4CCD504 /* Pods_MonteCarloSimulator.framework in Frameworks */ = {isa = PBXBuildFile; fileRef = D394E49C3CD6448C5709002E /* Pods_MonteCarloSimulator.framework */; };
		1C1C39721DBFF38F00CB147B /* ResultsViewController.swift in Sources */ = {isa = PBXBuildFile; fileRef = 1C1C39711DBFF38F00CB147B /* ResultsViewController.swift */; };
		1C8BE5781DDABA4C004EC7EE /* LoadingViewController.swift in Sources */ = {isa = PBXBuildFile; fileRef = 1C8BE5771DDABA4C004EC7EE /* LoadingViewController.swift */; };
		1CA21CCA1DC13CEF005AB2E3 /* IntroViewControllerTests.swift in Sources */ = {isa = PBXBuildFile; fileRef = 1CA21CC91DC13CEF005AB2E3 /* IntroViewControllerTests.swift */; };
		34110C3B97536C8322EC39F7 /* Pods_MonteCarloSimulatorTests.framework in Frameworks */ = {isa = PBXBuildFile; fileRef = 5C0BB019AF49CC91B64EDD25 /* Pods_MonteCarloSimulatorTests.framework */; };
		BD98E457620CF37F9D99D4B2 /* Pods_MonteCarloSimulatorUITests.framework in Frameworks */ = {isa = PBXBuildFile; fileRef = 09732685C9D5418514E21D79 /* Pods_MonteCarloSimulatorUITests.framework */; };
		DA3EDA331DC116F90050983F /* StocksKit.framework in Frameworks */ = {isa = PBXBuildFile; fileRef = DA3EDA321DC116F90050983F /* StocksKit.framework */; };
		DA5CFA5D1DDE7714005EA4A1 /* StockAllocationTableViewCellTests.swift in Sources */ = {isa = PBXBuildFile; fileRef = DA5CFA5C1DDE7714005EA4A1 /* StockAllocationTableViewCellTests.swift */; };
		DA5CFA5F1DDE7E01005EA4A1 /* StockSelectionTableViewCellTests.swift in Sources */ = {isa = PBXBuildFile; fileRef = DA5CFA5E1DDE7E01005EA4A1 /* StockSelectionTableViewCellTests.swift */; };
		DA8898981DC1733B00BAB43E /* StockAllocationTableViewControllerTests.swift in Sources */ = {isa = PBXBuildFile; fileRef = DA8898971DC1733B00BAB43E /* StockAllocationTableViewControllerTests.swift */; };
		DABA06A41DC2420000BB1407 /* StockSelectionTableViewControllerTests.swift in Sources */ = {isa = PBXBuildFile; fileRef = DABA06A31DC2420000BB1407 /* StockSelectionTableViewControllerTests.swift */; };
		DABA06A61DC242FA00BB1407 /* ResultsViewControllerTests.swift in Sources */ = {isa = PBXBuildFile; fileRef = DABA06A51DC242FA00BB1407 /* ResultsViewControllerTests.swift */; };
		DACC34371DBC136200B7DBF4 /* AppDelegate.swift in Sources */ = {isa = PBXBuildFile; fileRef = DACC34361DBC136200B7DBF4 /* AppDelegate.swift */; };
		DACC343C1DBC136200B7DBF4 /* Main.storyboard in Resources */ = {isa = PBXBuildFile; fileRef = DACC343A1DBC136200B7DBF4 /* Main.storyboard */; };
		DACC343F1DBC136200B7DBF4 /* MonteCarloSimulator.xcdatamodeld in Sources */ = {isa = PBXBuildFile; fileRef = DACC343D1DBC136200B7DBF4 /* MonteCarloSimulator.xcdatamodeld */; };
		DACC34411DBC136200B7DBF4 /* Assets.xcassets in Resources */ = {isa = PBXBuildFile; fileRef = DACC34401DBC136200B7DBF4 /* Assets.xcassets */; };
		DACC34441DBC136200B7DBF4 /* LaunchScreen.storyboard in Resources */ = {isa = PBXBuildFile; fileRef = DACC34421DBC136200B7DBF4 /* LaunchScreen.storyboard */; };
		DACC344F1DBC136200B7DBF4 /* MonteCarloSimulatorTests.swift in Sources */ = {isa = PBXBuildFile; fileRef = DACC344E1DBC136200B7DBF4 /* MonteCarloSimulatorTests.swift */; };
		DACC345A1DBC136200B7DBF4 /* MonteCarloSimulatorUITests.swift in Sources */ = {isa = PBXBuildFile; fileRef = DACC34591DBC136200B7DBF4 /* MonteCarloSimulatorUITests.swift */; };
		DACC34681DBD019300B7DBF4 /* IntroViewController.swift in Sources */ = {isa = PBXBuildFile; fileRef = DACC34671DBD019300B7DBF4 /* IntroViewController.swift */; };
		DACC346A1DBD024C00B7DBF4 /* BasicInputsViewController.swift in Sources */ = {isa = PBXBuildFile; fileRef = DACC34691DBD024C00B7DBF4 /* BasicInputsViewController.swift */; };
		DACC346E1DBD040400B7DBF4 /* StockAllocationTableViewController.swift in Sources */ = {isa = PBXBuildFile; fileRef = DACC346D1DBD040400B7DBF4 /* StockAllocationTableViewController.swift */; };
		DADFC9101DBFA431009A2C7D /* StockAllocationTableViewCell.swift in Sources */ = {isa = PBXBuildFile; fileRef = DADFC90F1DBFA431009A2C7D /* StockAllocationTableViewCell.swift */; };
		DAE3AFAB1DC1A7B9004E8206 /* BasicInputsViewControllerTests.swift in Sources */ = {isa = PBXBuildFile; fileRef = DAE3AFAA1DC1A7B9004E8206 /* BasicInputsViewControllerTests.swift */; };
		DAE3AFAD1DC1A8B8004E8206 /* StockSelectionTableViewController.swift in Sources */ = {isa = PBXBuildFile; fileRef = DAE3AFAC1DC1A8B8004E8206 /* StockSelectionTableViewController.swift */; };
		DAE3AFAF1DC1ABF9004E8206 /* StockSelectionTableViewCell.swift in Sources */ = {isa = PBXBuildFile; fileRef = DAE3AFAE1DC1ABF9004E8206 /* StockSelectionTableViewCell.swift */; };
/* End PBXBuildFile section */

/* Begin PBXContainerItemProxy section */
		DACC344B1DBC136200B7DBF4 /* PBXContainerItemProxy */ = {
			isa = PBXContainerItemProxy;
			containerPortal = DACC342B1DBC136200B7DBF4 /* Project object */;
			proxyType = 1;
			remoteGlobalIDString = DACC34321DBC136200B7DBF4;
			remoteInfo = MonteCarloSimulator;
		};
		DACC34561DBC136200B7DBF4 /* PBXContainerItemProxy */ = {
			isa = PBXContainerItemProxy;
			containerPortal = DACC342B1DBC136200B7DBF4 /* Project object */;
			proxyType = 1;
			remoteGlobalIDString = DACC34321DBC136200B7DBF4;
			remoteInfo = MonteCarloSimulator;
		};
/* End PBXContainerItemProxy section */

/* Begin PBXFileReference section */
		05BD6DAF7CE4FA61C4B334CE /* Pods-MonteCarloSimulatorTests.debug.xcconfig */ = {isa = PBXFileReference; includeInIndex = 1; lastKnownFileType = text.xcconfig; name = "Pods-MonteCarloSimulatorTests.debug.xcconfig"; path = "Pods/Target Support Files/Pods-MonteCarloSimulatorTests/Pods-MonteCarloSimulatorTests.debug.xcconfig"; sourceTree = "<group>"; };
		09732685C9D5418514E21D79 /* Pods_MonteCarloSimulatorUITests.framework */ = {isa = PBXFileReference; explicitFileType = wrapper.framework; includeInIndex = 0; path = Pods_MonteCarloSimulatorUITests.framework; sourceTree = BUILT_PRODUCTS_DIR; };
		0B86C38997E14A7516E6617A /* Pods-MonteCarloSimulator.release.xcconfig */ = {isa = PBXFileReference; includeInIndex = 1; lastKnownFileType = text.xcconfig; name = "Pods-MonteCarloSimulator.release.xcconfig"; path = "Pods/Target Support Files/Pods-MonteCarloSimulator/Pods-MonteCarloSimulator.release.xcconfig"; sourceTree = "<group>"; };
		1C1C39711DBFF38F00CB147B /* ResultsViewController.swift */ = {isa = PBXFileReference; fileEncoding = 4; lastKnownFileType = sourcecode.swift; path = ResultsViewController.swift; sourceTree = "<group>"; };
		1C8BE5771DDABA4C004EC7EE /* LoadingViewController.swift */ = {isa = PBXFileReference; fileEncoding = 4; lastKnownFileType = sourcecode.swift; path = LoadingViewController.swift; sourceTree = "<group>"; };
		1CA21CC91DC13CEF005AB2E3 /* IntroViewControllerTests.swift */ = {isa = PBXFileReference; fileEncoding = 4; lastKnownFileType = sourcecode.swift; name = IntroViewControllerTests.swift; path = ../MonteCarloSimulator/IntroViewControllerTests.swift; sourceTree = "<group>"; };
		5712F9A486BEE6FFB2242BD8 /* Pods-MonteCarloSimulatorTests.release.xcconfig */ = {isa = PBXFileReference; includeInIndex = 1; lastKnownFileType = text.xcconfig; name = "Pods-MonteCarloSimulatorTests.release.xcconfig"; path = "Pods/Target Support Files/Pods-MonteCarloSimulatorTests/Pods-MonteCarloSimulatorTests.release.xcconfig"; sourceTree = "<group>"; };
		5C0BB019AF49CC91B64EDD25 /* Pods_MonteCarloSimulatorTests.framework */ = {isa = PBXFileReference; explicitFileType = wrapper.framework; includeInIndex = 0; path = Pods_MonteCarloSimulatorTests.framework; sourceTree = BUILT_PRODUCTS_DIR; };
		84C32A32B857102DD69450FD /* Pods-MonteCarloSimulatorUITests.release.xcconfig */ = {isa = PBXFileReference; includeInIndex = 1; lastKnownFileType = text.xcconfig; name = "Pods-MonteCarloSimulatorUITests.release.xcconfig"; path = "Pods/Target Support Files/Pods-MonteCarloSimulatorUITests/Pods-MonteCarloSimulatorUITests.release.xcconfig"; sourceTree = "<group>"; };
		94ABAAA55777096FC0E70685 /* Pods-MonteCarloSimulator.debug.xcconfig */ = {isa = PBXFileReference; includeInIndex = 1; lastKnownFileType = text.xcconfig; name = "Pods-MonteCarloSimulator.debug.xcconfig"; path = "Pods/Target Support Files/Pods-MonteCarloSimulator/Pods-MonteCarloSimulator.debug.xcconfig"; sourceTree = "<group>"; };
		CF74FBF98E2472CB7F30F0F5 /* Pods-MonteCarloSimulatorUITests.debug.xcconfig */ = {isa = PBXFileReference; includeInIndex = 1; lastKnownFileType = text.xcconfig; name = "Pods-MonteCarloSimulatorUITests.debug.xcconfig"; path = "Pods/Target Support Files/Pods-MonteCarloSimulatorUITests/Pods-MonteCarloSimulatorUITests.debug.xcconfig"; sourceTree = "<group>"; };
		D394E49C3CD6448C5709002E /* Pods_MonteCarloSimulator.framework */ = {isa = PBXFileReference; explicitFileType = wrapper.framework; includeInIndex = 0; path = Pods_MonteCarloSimulator.framework; sourceTree = BUILT_PRODUCTS_DIR; };
		DA3EDA321DC116F90050983F /* StocksKit.framework */ = {isa = PBXFileReference; lastKnownFileType = wrapper.framework; name = StocksKit.framework; path = "Pods/../build/Debug-iphoneos/StocksKit/StocksKit.framework"; sourceTree = "<group>"; };
		DA5CFA5C1DDE7714005EA4A1 /* StockAllocationTableViewCellTests.swift */ = {isa = PBXFileReference; fileEncoding = 4; lastKnownFileType = sourcecode.swift; path = StockAllocationTableViewCellTests.swift; sourceTree = "<group>"; };
		DA5CFA5E1DDE7E01005EA4A1 /* StockSelectionTableViewCellTests.swift */ = {isa = PBXFileReference; fileEncoding = 4; lastKnownFileType = sourcecode.swift; path = StockSelectionTableViewCellTests.swift; sourceTree = "<group>"; };
		DA8898971DC1733B00BAB43E /* StockAllocationTableViewControllerTests.swift */ = {isa = PBXFileReference; fileEncoding = 4; lastKnownFileType = sourcecode.swift; path = StockAllocationTableViewControllerTests.swift; sourceTree = "<group>"; };
		DABA06A31DC2420000BB1407 /* StockSelectionTableViewControllerTests.swift */ = {isa = PBXFileReference; fileEncoding = 4; lastKnownFileType = sourcecode.swift; path = StockSelectionTableViewControllerTests.swift; sourceTree = "<group>"; };
		DABA06A51DC242FA00BB1407 /* ResultsViewControllerTests.swift */ = {isa = PBXFileReference; fileEncoding = 4; lastKnownFileType = sourcecode.swift; path = ResultsViewControllerTests.swift; sourceTree = "<group>"; };
		DACC34331DBC136200B7DBF4 /* MonteCarloSimulator.app */ = {isa = PBXFileReference; explicitFileType = wrapper.application; includeInIndex = 0; path = MonteCarloSimulator.app; sourceTree = BUILT_PRODUCTS_DIR; };
		DACC34361DBC136200B7DBF4 /* AppDelegate.swift */ = {isa = PBXFileReference; lastKnownFileType = sourcecode.swift; path = AppDelegate.swift; sourceTree = "<group>"; };
		DACC343B1DBC136200B7DBF4 /* Base */ = {isa = PBXFileReference; lastKnownFileType = file.storyboard; name = Base; path = Base.lproj/Main.storyboard; sourceTree = "<group>"; };
		DACC343E1DBC136200B7DBF4 /* MonteCarloSimulator.xcdatamodel */ = {isa = PBXFileReference; lastKnownFileType = wrapper.xcdatamodel; path = MonteCarloSimulator.xcdatamodel; sourceTree = "<group>"; };
		DACC34401DBC136200B7DBF4 /* Assets.xcassets */ = {isa = PBXFileReference; lastKnownFileType = folder.assetcatalog; path = Assets.xcassets; sourceTree = "<group>"; };
		DACC34431DBC136200B7DBF4 /* Base */ = {isa = PBXFileReference; lastKnownFileType = file.storyboard; name = Base; path = Base.lproj/LaunchScreen.storyboard; sourceTree = "<group>"; };
		DACC34451DBC136200B7DBF4 /* Info.plist */ = {isa = PBXFileReference; lastKnownFileType = text.plist.xml; path = Info.plist; sourceTree = "<group>"; };
		DACC344A1DBC136200B7DBF4 /* MonteCarloSimulatorTests.xctest */ = {isa = PBXFileReference; explicitFileType = wrapper.cfbundle; includeInIndex = 0; path = MonteCarloSimulatorTests.xctest; sourceTree = BUILT_PRODUCTS_DIR; };
		DACC344E1DBC136200B7DBF4 /* MonteCarloSimulatorTests.swift */ = {isa = PBXFileReference; lastKnownFileType = sourcecode.swift; path = MonteCarloSimulatorTests.swift; sourceTree = "<group>"; };
		DACC34501DBC136200B7DBF4 /* Info.plist */ = {isa = PBXFileReference; lastKnownFileType = text.plist.xml; path = Info.plist; sourceTree = "<group>"; };
		DACC34551DBC136200B7DBF4 /* MonteCarloSimulatorUITests.xctest */ = {isa = PBXFileReference; explicitFileType = wrapper.cfbundle; includeInIndex = 0; path = MonteCarloSimulatorUITests.xctest; sourceTree = BUILT_PRODUCTS_DIR; };
		DACC34591DBC136200B7DBF4 /* MonteCarloSimulatorUITests.swift */ = {isa = PBXFileReference; lastKnownFileType = sourcecode.swift; path = MonteCarloSimulatorUITests.swift; sourceTree = "<group>"; };
		DACC345B1DBC136200B7DBF4 /* Info.plist */ = {isa = PBXFileReference; lastKnownFileType = text.plist.xml; path = Info.plist; sourceTree = "<group>"; };
		DACC34671DBD019300B7DBF4 /* IntroViewController.swift */ = {isa = PBXFileReference; fileEncoding = 4; lastKnownFileType = sourcecode.swift; path = IntroViewController.swift; sourceTree = "<group>"; };
		DACC34691DBD024C00B7DBF4 /* BasicInputsViewController.swift */ = {isa = PBXFileReference; fileEncoding = 4; lastKnownFileType = sourcecode.swift; path = BasicInputsViewController.swift; sourceTree = "<group>"; };
		DACC346D1DBD040400B7DBF4 /* StockAllocationTableViewController.swift */ = {isa = PBXFileReference; fileEncoding = 4; lastKnownFileType = sourcecode.swift; path = StockAllocationTableViewController.swift; sourceTree = "<group>"; };
		DADFC90F1DBFA431009A2C7D /* StockAllocationTableViewCell.swift */ = {isa = PBXFileReference; fileEncoding = 4; lastKnownFileType = sourcecode.swift; path = StockAllocationTableViewCell.swift; sourceTree = "<group>"; };
		DAE3AFAA1DC1A7B9004E8206 /* BasicInputsViewControllerTests.swift */ = {isa = PBXFileReference; fileEncoding = 4; lastKnownFileType = sourcecode.swift; path = BasicInputsViewControllerTests.swift; sourceTree = "<group>"; };
		DAE3AFAC1DC1A8B8004E8206 /* StockSelectionTableViewController.swift */ = {isa = PBXFileReference; fileEncoding = 4; lastKnownFileType = sourcecode.swift; path = StockSelectionTableViewController.swift; sourceTree = "<group>"; };
		DAE3AFAE1DC1ABF9004E8206 /* StockSelectionTableViewCell.swift */ = {isa = PBXFileReference; fileEncoding = 4; lastKnownFileType = sourcecode.swift; path = StockSelectionTableViewCell.swift; sourceTree = "<group>"; };
/* End PBXFileReference section */

/* Begin PBXFrameworksBuildPhase section */
		DACC34301DBC136200B7DBF4 /* Frameworks */ = {
			isa = PBXFrameworksBuildPhase;
			buildActionMask = 2147483647;
			files = (
				DA3EDA331DC116F90050983F /* StocksKit.framework in Frameworks */,
				187878160C2E9ED1A4CCD504 /* Pods_MonteCarloSimulator.framework in Frameworks */,
			);
			runOnlyForDeploymentPostprocessing = 0;
		};
		DACC34471DBC136200B7DBF4 /* Frameworks */ = {
			isa = PBXFrameworksBuildPhase;
			buildActionMask = 2147483647;
			files = (
				34110C3B97536C8322EC39F7 /* Pods_MonteCarloSimulatorTests.framework in Frameworks */,
			);
			runOnlyForDeploymentPostprocessing = 0;
		};
		DACC34521DBC136200B7DBF4 /* Frameworks */ = {
			isa = PBXFrameworksBuildPhase;
			buildActionMask = 2147483647;
			files = (
				BD98E457620CF37F9D99D4B2 /* Pods_MonteCarloSimulatorUITests.framework in Frameworks */,
			);
			runOnlyForDeploymentPostprocessing = 0;
		};
/* End PBXFrameworksBuildPhase section */

/* Begin PBXGroup section */
		535F2417CA6A3053B6BFBED1 /* Frameworks */ = {
			isa = PBXGroup;
			children = (
				DA3EDA321DC116F90050983F /* StocksKit.framework */,
				D394E49C3CD6448C5709002E /* Pods_MonteCarloSimulator.framework */,
				5C0BB019AF49CC91B64EDD25 /* Pods_MonteCarloSimulatorTests.framework */,
				09732685C9D5418514E21D79 /* Pods_MonteCarloSimulatorUITests.framework */,
			);
			name = Frameworks;
			sourceTree = "<group>";
		};
		CA24AE90024DC90A0DC967AC /* Pods */ = {
			isa = PBXGroup;
			children = (
				94ABAAA55777096FC0E70685 /* Pods-MonteCarloSimulator.debug.xcconfig */,
				0B86C38997E14A7516E6617A /* Pods-MonteCarloSimulator.release.xcconfig */,
				05BD6DAF7CE4FA61C4B334CE /* Pods-MonteCarloSimulatorTests.debug.xcconfig */,
				5712F9A486BEE6FFB2242BD8 /* Pods-MonteCarloSimulatorTests.release.xcconfig */,
				CF74FBF98E2472CB7F30F0F5 /* Pods-MonteCarloSimulatorUITests.debug.xcconfig */,
				84C32A32B857102DD69450FD /* Pods-MonteCarloSimulatorUITests.release.xcconfig */,
			);
			name = Pods;
			sourceTree = "<group>";
		};
		DACC342A1DBC136200B7DBF4 = {
			isa = PBXGroup;
			children = (
				DACC34351DBC136200B7DBF4 /* MonteCarloSimulator */,
				DACC344D1DBC136200B7DBF4 /* MonteCarloSimulatorTests */,
				DACC34581DBC136200B7DBF4 /* MonteCarloSimulatorUITests */,
				DACC34341DBC136200B7DBF4 /* Products */,
				CA24AE90024DC90A0DC967AC /* Pods */,
				535F2417CA6A3053B6BFBED1 /* Frameworks */,
			);
			sourceTree = "<group>";
		};
		DACC34341DBC136200B7DBF4 /* Products */ = {
			isa = PBXGroup;
			children = (
				DACC34331DBC136200B7DBF4 /* MonteCarloSimulator.app */,
				DACC344A1DBC136200B7DBF4 /* MonteCarloSimulatorTests.xctest */,
				DACC34551DBC136200B7DBF4 /* MonteCarloSimulatorUITests.xctest */,
			);
			name = Products;
			sourceTree = "<group>";
		};
		DACC34351DBC136200B7DBF4 /* MonteCarloSimulator */ = {
			isa = PBXGroup;
			children = (
				DACC34361DBC136200B7DBF4 /* AppDelegate.swift */,
				DACC34671DBD019300B7DBF4 /* IntroViewController.swift */,
				DACC34691DBD024C00B7DBF4 /* BasicInputsViewController.swift */,
				DAE3AFAC1DC1A8B8004E8206 /* StockSelectionTableViewController.swift */,
				DAE3AFAE1DC1ABF9004E8206 /* StockSelectionTableViewCell.swift */,
				DACC346D1DBD040400B7DBF4 /* StockAllocationTableViewController.swift */,
				DADFC90F1DBFA431009A2C7D /* StockAllocationTableViewCell.swift */,
				1C8BE5771DDABA4C004EC7EE /* LoadingViewController.swift */,
				1C1C39711DBFF38F00CB147B /* ResultsViewController.swift */,
				DACC343A1DBC136200B7DBF4 /* Main.storyboard */,
				DACC34401DBC136200B7DBF4 /* Assets.xcassets */,
				DACC34421DBC136200B7DBF4 /* LaunchScreen.storyboard */,
				DACC34451DBC136200B7DBF4 /* Info.plist */,
				DACC343D1DBC136200B7DBF4 /* MonteCarloSimulator.xcdatamodeld */,
			);
			path = MonteCarloSimulator;
			sourceTree = "<group>";
		};
		DACC344D1DBC136200B7DBF4 /* MonteCarloSimulatorTests */ = {
			isa = PBXGroup;
			children = (
				1CA21CC91DC13CEF005AB2E3 /* IntroViewControllerTests.swift */,
				DACC344E1DBC136200B7DBF4 /* MonteCarloSimulatorTests.swift */,
				DACC34501DBC136200B7DBF4 /* Info.plist */,
				DA8898971DC1733B00BAB43E /* StockAllocationTableViewControllerTests.swift */,
				DAE3AFAA1DC1A7B9004E8206 /* BasicInputsViewControllerTests.swift */,
				DABA06A31DC2420000BB1407 /* StockSelectionTableViewControllerTests.swift */,
				DABA06A51DC242FA00BB1407 /* ResultsViewControllerTests.swift */,
				DA5CFA5C1DDE7714005EA4A1 /* StockAllocationTableViewCellTests.swift */,
				DA5CFA5E1DDE7E01005EA4A1 /* StockSelectionTableViewCellTests.swift */,
			);
			path = MonteCarloSimulatorTests;
			sourceTree = "<group>";
		};
		DACC34581DBC136200B7DBF4 /* MonteCarloSimulatorUITests */ = {
			isa = PBXGroup;
			children = (
				DACC34591DBC136200B7DBF4 /* MonteCarloSimulatorUITests.swift */,
				DACC345B1DBC136200B7DBF4 /* Info.plist */,
			);
			path = MonteCarloSimulatorUITests;
			sourceTree = "<group>";
		};
/* End PBXGroup section */

/* Begin PBXNativeTarget section */
		DACC34321DBC136200B7DBF4 /* MonteCarloSimulator */ = {
			isa = PBXNativeTarget;
			buildConfigurationList = DACC345E1DBC136200B7DBF4 /* Build configuration list for PBXNativeTarget "MonteCarloSimulator" */;
			buildPhases = (
				B1023D53908FCB8C5E75BEE8 /* [CP] Check Pods Manifest.lock */,
				DACC342F1DBC136200B7DBF4 /* Sources */,
				DACC34301DBC136200B7DBF4 /* Frameworks */,
				DACC34311DBC136200B7DBF4 /* Resources */,
				EE41B1554E6F89D6F851B2A1 /* [CP] Embed Pods Frameworks */,
				E73DB65BDB09A9A4DF699587 /* [CP] Copy Pods Resources */,
			);
			buildRules = (
			);
			dependencies = (
			);
			name = MonteCarloSimulator;
			productName = MonteCarloSimulator;
			productReference = DACC34331DBC136200B7DBF4 /* MonteCarloSimulator.app */;
			productType = "com.apple.product-type.application";
		};
		DACC34491DBC136200B7DBF4 /* MonteCarloSimulatorTests */ = {
			isa = PBXNativeTarget;
			buildConfigurationList = DACC34611DBC136200B7DBF4 /* Build configuration list for PBXNativeTarget "MonteCarloSimulatorTests" */;
			buildPhases = (
				B6A559007988A0F85F409047 /* [CP] Check Pods Manifest.lock */,
				DACC34461DBC136200B7DBF4 /* Sources */,
				DACC34471DBC136200B7DBF4 /* Frameworks */,
				DACC34481DBC136200B7DBF4 /* Resources */,
				449B1FF968509FE010B75931 /* [CP] Embed Pods Frameworks */,
				A138BCCD70B04DA35083E322 /* [CP] Copy Pods Resources */,
			);
			buildRules = (
			);
			dependencies = (
				DACC344C1DBC136200B7DBF4 /* PBXTargetDependency */,
			);
			name = MonteCarloSimulatorTests;
			productName = MonteCarloSimulatorTests;
			productReference = DACC344A1DBC136200B7DBF4 /* MonteCarloSimulatorTests.xctest */;
			productType = "com.apple.product-type.bundle.unit-test";
		};
		DACC34541DBC136200B7DBF4 /* MonteCarloSimulatorUITests */ = {
			isa = PBXNativeTarget;
			buildConfigurationList = DACC34641DBC136200B7DBF4 /* Build configuration list for PBXNativeTarget "MonteCarloSimulatorUITests" */;
			buildPhases = (
				C15F80814BCF10466241D76B /* [CP] Check Pods Manifest.lock */,
				DACC34511DBC136200B7DBF4 /* Sources */,
				DACC34521DBC136200B7DBF4 /* Frameworks */,
				DACC34531DBC136200B7DBF4 /* Resources */,
				5F88A37F09D53C1B4F429349 /* [CP] Embed Pods Frameworks */,
				C529E158255FBF9432F55FF9 /* [CP] Copy Pods Resources */,
			);
			buildRules = (
			);
			dependencies = (
				DACC34571DBC136200B7DBF4 /* PBXTargetDependency */,
			);
			name = MonteCarloSimulatorUITests;
			productName = MonteCarloSimulatorUITests;
			productReference = DACC34551DBC136200B7DBF4 /* MonteCarloSimulatorUITests.xctest */;
			productType = "com.apple.product-type.bundle.ui-testing";
		};
/* End PBXNativeTarget section */

/* Begin PBXProject section */
		DACC342B1DBC136200B7DBF4 /* Project object */ = {
			isa = PBXProject;
			attributes = {
				LastSwiftUpdateCheck = 0720;
				LastUpgradeCheck = 0720;
				ORGANIZATIONNAME = EECS393;
				TargetAttributes = {
					DACC34321DBC136200B7DBF4 = {
						CreatedOnToolsVersion = 7.2.1;
						DevelopmentTeam = N8H54VZ747;
					};
					DACC34491DBC136200B7DBF4 = {
						CreatedOnToolsVersion = 7.2.1;
						DevelopmentTeam = N8H54VZ747;
						TestTargetID = DACC34321DBC136200B7DBF4;
					};
					DACC34541DBC136200B7DBF4 = {
						CreatedOnToolsVersion = 7.2.1;
						DevelopmentTeam = N8H54VZ747;
						TestTargetID = DACC34321DBC136200B7DBF4;
					};
				};
			};
			buildConfigurationList = DACC342E1DBC136200B7DBF4 /* Build configuration list for PBXProject "MonteCarloSimulator" */;
			compatibilityVersion = "Xcode 3.2";
			developmentRegion = English;
			hasScannedForEncodings = 0;
			knownRegions = (
				en,
				Base,
			);
			mainGroup = DACC342A1DBC136200B7DBF4;
			productRefGroup = DACC34341DBC136200B7DBF4 /* Products */;
			projectDirPath = "";
			projectRoot = "";
			targets = (
				DACC34321DBC136200B7DBF4 /* MonteCarloSimulator */,
				DACC34491DBC136200B7DBF4 /* MonteCarloSimulatorTests */,
				DACC34541DBC136200B7DBF4 /* MonteCarloSimulatorUITests */,
			);
		};
/* End PBXProject section */

/* Begin PBXResourcesBuildPhase section */
		DACC34311DBC136200B7DBF4 /* Resources */ = {
			isa = PBXResourcesBuildPhase;
			buildActionMask = 2147483647;
			files = (
				DACC34441DBC136200B7DBF4 /* LaunchScreen.storyboard in Resources */,
				DACC34411DBC136200B7DBF4 /* Assets.xcassets in Resources */,
				DACC343C1DBC136200B7DBF4 /* Main.storyboard in Resources */,
			);
			runOnlyForDeploymentPostprocessing = 0;
		};
		DACC34481DBC136200B7DBF4 /* Resources */ = {
			isa = PBXResourcesBuildPhase;
			buildActionMask = 2147483647;
			files = (
			);
			runOnlyForDeploymentPostprocessing = 0;
		};
		DACC34531DBC136200B7DBF4 /* Resources */ = {
			isa = PBXResourcesBuildPhase;
			buildActionMask = 2147483647;
			files = (
			);
			runOnlyForDeploymentPostprocessing = 0;
		};
/* End PBXResourcesBuildPhase section */

/* Begin PBXShellScriptBuildPhase section */
		449B1FF968509FE010B75931 /* [CP] Embed Pods Frameworks */ = {
			isa = PBXShellScriptBuildPhase;
			buildActionMask = 2147483647;
			files = (
			);
			inputPaths = (
			);
			name = "[CP] Embed Pods Frameworks";
			outputPaths = (
			);
			runOnlyForDeploymentPostprocessing = 0;
			shellPath = /bin/sh;
			shellScript = "\"${SRCROOT}/Pods/Target Support Files/Pods-MonteCarloSimulatorTests/Pods-MonteCarloSimulatorTests-frameworks.sh\"\n";
			showEnvVarsInLog = 0;
		};
		5F88A37F09D53C1B4F429349 /* [CP] Embed Pods Frameworks */ = {
			isa = PBXShellScriptBuildPhase;
			buildActionMask = 2147483647;
			files = (
			);
			inputPaths = (
			);
			name = "[CP] Embed Pods Frameworks";
			outputPaths = (
			);
			runOnlyForDeploymentPostprocessing = 0;
			shellPath = /bin/sh;
			shellScript = "\"${SRCROOT}/Pods/Target Support Files/Pods-MonteCarloSimulatorUITests/Pods-MonteCarloSimulatorUITests-frameworks.sh\"\n";
			showEnvVarsInLog = 0;
		};
		A138BCCD70B04DA35083E322 /* [CP] Copy Pods Resources */ = {
			isa = PBXShellScriptBuildPhase;
			buildActionMask = 2147483647;
			files = (
			);
			inputPaths = (
			);
			name = "[CP] Copy Pods Resources";
			outputPaths = (
			);
			runOnlyForDeploymentPostprocessing = 0;
			shellPath = /bin/sh;
			shellScript = "\"${SRCROOT}/Pods/Target Support Files/Pods-MonteCarloSimulatorTests/Pods-MonteCarloSimulatorTests-resources.sh\"\n";
			showEnvVarsInLog = 0;
		};
		B1023D53908FCB8C5E75BEE8 /* [CP] Check Pods Manifest.lock */ = {
			isa = PBXShellScriptBuildPhase;
			buildActionMask = 2147483647;
			files = (
			);
			inputPaths = (
			);
			name = "[CP] Check Pods Manifest.lock";
			outputPaths = (
			);
			runOnlyForDeploymentPostprocessing = 0;
			shellPath = /bin/sh;
			shellScript = "diff \"${PODS_ROOT}/../Podfile.lock\" \"${PODS_ROOT}/Manifest.lock\" > /dev/null\nif [ $? != 0 ] ; then\n    # print error to STDERR\n    echo \"error: The sandbox is not in sync with the Podfile.lock. Run 'pod install' or update your CocoaPods installation.\" >&2\n    exit 1\nfi\n";
			showEnvVarsInLog = 0;
		};
		B6A559007988A0F85F409047 /* [CP] Check Pods Manifest.lock */ = {
			isa = PBXShellScriptBuildPhase;
			buildActionMask = 2147483647;
			files = (
			);
			inputPaths = (
			);
			name = "[CP] Check Pods Manifest.lock";
			outputPaths = (
			);
			runOnlyForDeploymentPostprocessing = 0;
			shellPath = /bin/sh;
			shellScript = "diff \"${PODS_ROOT}/../Podfile.lock\" \"${PODS_ROOT}/Manifest.lock\" > /dev/null\nif [ $? != 0 ] ; then\n    # print error to STDERR\n    echo \"error: The sandbox is not in sync with the Podfile.lock. Run 'pod install' or update your CocoaPods installation.\" >&2\n    exit 1\nfi\n";
			showEnvVarsInLog = 0;
		};
		C15F80814BCF10466241D76B /* [CP] Check Pods Manifest.lock */ = {
			isa = PBXShellScriptBuildPhase;
			buildActionMask = 2147483647;
			files = (
			);
			inputPaths = (
			);
			name = "[CP] Check Pods Manifest.lock";
			outputPaths = (
			);
			runOnlyForDeploymentPostprocessing = 0;
			shellPath = /bin/sh;
			shellScript = "diff \"${PODS_ROOT}/../Podfile.lock\" \"${PODS_ROOT}/Manifest.lock\" > /dev/null\nif [ $? != 0 ] ; then\n    # print error to STDERR\n    echo \"error: The sandbox is not in sync with the Podfile.lock. Run 'pod install' or update your CocoaPods installation.\" >&2\n    exit 1\nfi\n";
			showEnvVarsInLog = 0;
		};
		C529E158255FBF9432F55FF9 /* [CP] Copy Pods Resources */ = {
			isa = PBXShellScriptBuildPhase;
			buildActionMask = 2147483647;
			files = (
			);
			inputPaths = (
			);
			name = "[CP] Copy Pods Resources";
			outputPaths = (
			);
			runOnlyForDeploymentPostprocessing = 0;
			shellPath = /bin/sh;
			shellScript = "\"${SRCROOT}/Pods/Target Support Files/Pods-MonteCarloSimulatorUITests/Pods-MonteCarloSimulatorUITests-resources.sh\"\n";
			showEnvVarsInLog = 0;
		};
		E73DB65BDB09A9A4DF699587 /* [CP] Copy Pods Resources */ = {
			isa = PBXShellScriptBuildPhase;
			buildActionMask = 2147483647;
			files = (
			);
			inputPaths = (
			);
			name = "[CP] Copy Pods Resources";
			outputPaths = (
			);
			runOnlyForDeploymentPostprocessing = 0;
			shellPath = /bin/sh;
			shellScript = "\"${SRCROOT}/Pods/Target Support Files/Pods-MonteCarloSimulator/Pods-MonteCarloSimulator-resources.sh\"\n";
			showEnvVarsInLog = 0;
		};
		EE41B1554E6F89D6F851B2A1 /* [CP] Embed Pods Frameworks */ = {
			isa = PBXShellScriptBuildPhase;
			buildActionMask = 2147483647;
			files = (
			);
			inputPaths = (
			);
			name = "[CP] Embed Pods Frameworks";
			outputPaths = (
			);
			runOnlyForDeploymentPostprocessing = 0;
			shellPath = /bin/sh;
			shellScript = "\"${SRCROOT}/Pods/Target Support Files/Pods-MonteCarloSimulator/Pods-MonteCarloSimulator-frameworks.sh\"\n";
			showEnvVarsInLog = 0;
		};
/* End PBXShellScriptBuildPhase section */

/* Begin PBXSourcesBuildPhase section */
		DACC342F1DBC136200B7DBF4 /* Sources */ = {
			isa = PBXSourcesBuildPhase;
			buildActionMask = 2147483647;
			files = (
				DACC34371DBC136200B7DBF4 /* AppDelegate.swift in Sources */,
				DADFC9101DBFA431009A2C7D /* StockAllocationTableViewCell.swift in Sources */,
				DAE3AFAF1DC1ABF9004E8206 /* StockSelectionTableViewCell.swift in Sources */,
				DACC346E1DBD040400B7DBF4 /* StockAllocationTableViewController.swift in Sources */,
				1C1C39721DBFF38F00CB147B /* ResultsViewController.swift in Sources */,
				DACC346A1DBD024C00B7DBF4 /* BasicInputsViewController.swift in Sources */,
				DACC343F1DBC136200B7DBF4 /* MonteCarloSimulator.xcdatamodeld in Sources */,
				1C8BE5781DDABA4C004EC7EE /* LoadingViewController.swift in Sources */,
				DACC34681DBD019300B7DBF4 /* IntroViewController.swift in Sources */,
				DAE3AFAD1DC1A8B8004E8206 /* StockSelectionTableViewController.swift in Sources */,
			);
			runOnlyForDeploymentPostprocessing = 0;
		};
		DACC34461DBC136200B7DBF4 /* Sources */ = {
			isa = PBXSourcesBuildPhase;
			buildActionMask = 2147483647;
			files = (
				DACC344F1DBC136200B7DBF4 /* MonteCarloSimulatorTests.swift in Sources */,
				DA5CFA5F1DDE7E01005EA4A1 /* StockSelectionTableViewCellTests.swift in Sources */,
				DA5CFA5D1DDE7714005EA4A1 /* StockAllocationTableViewCellTests.swift in Sources */,
				DABA06A41DC2420000BB1407 /* StockSelectionTableViewControllerTests.swift in Sources */,
				DABA06A61DC242FA00BB1407 /* ResultsViewControllerTests.swift in Sources */,
				1CA21CCA1DC13CEF005AB2E3 /* IntroViewControllerTests.swift in Sources */,
				DAE3AFAB1DC1A7B9004E8206 /* BasicInputsViewControllerTests.swift in Sources */,
				DA8898981DC1733B00BAB43E /* StockAllocationTableViewControllerTests.swift in Sources */,
			);
			runOnlyForDeploymentPostprocessing = 0;
		};
		DACC34511DBC136200B7DBF4 /* Sources */ = {
			isa = PBXSourcesBuildPhase;
			buildActionMask = 2147483647;
			files = (
				DACC345A1DBC136200B7DBF4 /* MonteCarloSimulatorUITests.swift in Sources */,
			);
			runOnlyForDeploymentPostprocessing = 0;
		};
/* End PBXSourcesBuildPhase section */

/* Begin PBXTargetDependency section */
		DACC344C1DBC136200B7DBF4 /* PBXTargetDependency */ = {
			isa = PBXTargetDependency;
			target = DACC34321DBC136200B7DBF4 /* MonteCarloSimulator */;
			targetProxy = DACC344B1DBC136200B7DBF4 /* PBXContainerItemProxy */;
		};
		DACC34571DBC136200B7DBF4 /* PBXTargetDependency */ = {
			isa = PBXTargetDependency;
			target = DACC34321DBC136200B7DBF4 /* MonteCarloSimulator */;
			targetProxy = DACC34561DBC136200B7DBF4 /* PBXContainerItemProxy */;
		};
/* End PBXTargetDependency section */

/* Begin PBXVariantGroup section */
		DACC343A1DBC136200B7DBF4 /* Main.storyboard */ = {
			isa = PBXVariantGroup;
			children = (
				DACC343B1DBC136200B7DBF4 /* Base */,
			);
			name = Main.storyboard;
			sourceTree = "<group>";
		};
		DACC34421DBC136200B7DBF4 /* LaunchScreen.storyboard */ = {
			isa = PBXVariantGroup;
			children = (
				DACC34431DBC136200B7DBF4 /* Base */,
			);
			name = LaunchScreen.storyboard;
			sourceTree = "<group>";
		};
/* End PBXVariantGroup section */

/* Begin XCBuildConfiguration section */
		DACC345C1DBC136200B7DBF4 /* Debug */ = {
			isa = XCBuildConfiguration;
			buildSettings = {
				ALWAYS_SEARCH_USER_PATHS = NO;
				CLANG_CXX_LANGUAGE_STANDARD = "gnu++0x";
				CLANG_CXX_LIBRARY = "libc++";
				CLANG_ENABLE_MODULES = YES;
				CLANG_ENABLE_OBJC_ARC = YES;
				CLANG_WARN_BOOL_CONVERSION = YES;
				CLANG_WARN_CONSTANT_CONVERSION = YES;
				CLANG_WARN_DIRECT_OBJC_ISA_USAGE = YES_ERROR;
				CLANG_WARN_EMPTY_BODY = YES;
				CLANG_WARN_ENUM_CONVERSION = YES;
				CLANG_WARN_INT_CONVERSION = YES;
				CLANG_WARN_OBJC_ROOT_CLASS = YES_ERROR;
				CLANG_WARN_UNREACHABLE_CODE = YES;
				CLANG_WARN__DUPLICATE_METHOD_MATCH = YES;
				"CODE_SIGN_IDENTITY[sdk=iphoneos*]" = "iPhone Developer";
				COPY_PHASE_STRIP = NO;
				DEBUG_INFORMATION_FORMAT = dwarf;
				ENABLE_STRICT_OBJC_MSGSEND = YES;
				ENABLE_TESTABILITY = YES;
				GCC_C_LANGUAGE_STANDARD = gnu99;
				GCC_DYNAMIC_NO_PIC = NO;
				GCC_NO_COMMON_BLOCKS = YES;
				GCC_OPTIMIZATION_LEVEL = 0;
				GCC_PREPROCESSOR_DEFINITIONS = (
					"DEBUG=1",
					"$(inherited)",
				);
				GCC_WARN_64_TO_32_BIT_CONVERSION = YES;
				GCC_WARN_ABOUT_RETURN_TYPE = YES_ERROR;
				GCC_WARN_UNDECLARED_SELECTOR = YES;
				GCC_WARN_UNINITIALIZED_AUTOS = YES_AGGRESSIVE;
				GCC_WARN_UNUSED_FUNCTION = YES;
				GCC_WARN_UNUSED_VARIABLE = YES;
				IPHONEOS_DEPLOYMENT_TARGET = 9.2;
				MTL_ENABLE_DEBUG_INFO = YES;
				ONLY_ACTIVE_ARCH = YES;
				SDKROOT = iphoneos;
				SWIFT_OPTIMIZATION_LEVEL = "-Onone";
				TARGETED_DEVICE_FAMILY = "1,2";
			};
			name = Debug;
		};
		DACC345D1DBC136200B7DBF4 /* Release */ = {
			isa = XCBuildConfiguration;
			buildSettings = {
				ALWAYS_SEARCH_USER_PATHS = NO;
				CLANG_CXX_LANGUAGE_STANDARD = "gnu++0x";
				CLANG_CXX_LIBRARY = "libc++";
				CLANG_ENABLE_MODULES = YES;
				CLANG_ENABLE_OBJC_ARC = YES;
				CLANG_WARN_BOOL_CONVERSION = YES;
				CLANG_WARN_CONSTANT_CONVERSION = YES;
				CLANG_WARN_DIRECT_OBJC_ISA_USAGE = YES_ERROR;
				CLANG_WARN_EMPTY_BODY = YES;
				CLANG_WARN_ENUM_CONVERSION = YES;
				CLANG_WARN_INT_CONVERSION = YES;
				CLANG_WARN_OBJC_ROOT_CLASS = YES_ERROR;
				CLANG_WARN_UNREACHABLE_CODE = YES;
				CLANG_WARN__DUPLICATE_METHOD_MATCH = YES;
				"CODE_SIGN_IDENTITY[sdk=iphoneos*]" = "iPhone Developer";
				COPY_PHASE_STRIP = NO;
				DEBUG_INFORMATION_FORMAT = "dwarf-with-dsym";
				ENABLE_NS_ASSERTIONS = NO;
				ENABLE_STRICT_OBJC_MSGSEND = YES;
				GCC_C_LANGUAGE_STANDARD = gnu99;
				GCC_NO_COMMON_BLOCKS = YES;
				GCC_WARN_64_TO_32_BIT_CONVERSION = YES;
				GCC_WARN_ABOUT_RETURN_TYPE = YES_ERROR;
				GCC_WARN_UNDECLARED_SELECTOR = YES;
				GCC_WARN_UNINITIALIZED_AUTOS = YES_AGGRESSIVE;
				GCC_WARN_UNUSED_FUNCTION = YES;
				GCC_WARN_UNUSED_VARIABLE = YES;
				IPHONEOS_DEPLOYMENT_TARGET = 9.2;
				MTL_ENABLE_DEBUG_INFO = NO;
				SDKROOT = iphoneos;
				TARGETED_DEVICE_FAMILY = "1,2";
				VALIDATE_PRODUCT = YES;
			};
			name = Release;
		};
		DACC345F1DBC136200B7DBF4 /* Debug */ = {
			isa = XCBuildConfiguration;
			baseConfigurationReference = 94ABAAA55777096FC0E70685 /* Pods-MonteCarloSimulator.debug.xcconfig */;
			buildSettings = {
				ASSETCATALOG_COMPILER_APPICON_NAME = AppIcon;
				CODE_SIGN_IDENTITY = "iPhone Developer";
				FRAMEWORK_SEARCH_PATHS = (
					"$(inherited)",
					"$(PROJECT_DIR)/build/Debug-iphoneos/StocksKit",
				);
				INFOPLIST_FILE = MonteCarloSimulator/Info.plist;
				LD_RUNPATH_SEARCH_PATHS = "$(inherited) @executable_path/Frameworks";
				PRODUCT_BUNDLE_IDENTIFIER = EECS393.MonteCarloSimulator;
				PRODUCT_NAME = "$(TARGET_NAME)";
			};
			name = Debug;
		};
		DACC34601DBC136200B7DBF4 /* Release */ = {
			isa = XCBuildConfiguration;
			baseConfigurationReference = 0B86C38997E14A7516E6617A /* Pods-MonteCarloSimulator.release.xcconfig */;
			buildSettings = {
				ASSETCATALOG_COMPILER_APPICON_NAME = AppIcon;
				CODE_SIGN_IDENTITY = "iPhone Developer";
				FRAMEWORK_SEARCH_PATHS = (
					"$(inherited)",
					"$(PROJECT_DIR)/build/Debug-iphoneos/StocksKit",
				);
				INFOPLIST_FILE = MonteCarloSimulator/Info.plist;
				LD_RUNPATH_SEARCH_PATHS = "$(inherited) @executable_path/Frameworks";
				PRODUCT_BUNDLE_IDENTIFIER = EECS393.MonteCarloSimulator;
				PRODUCT_NAME = "$(TARGET_NAME)";
			};
			name = Release;
		};
		DACC34621DBC136200B7DBF4 /* Debug */ = {
			isa = XCBuildConfiguration;
			baseConfigurationReference = 05BD6DAF7CE4FA61C4B334CE /* Pods-MonteCarloSimulatorTests.debug.xcconfig */;
			buildSettings = {
				BUNDLE_LOADER = "$(TEST_HOST)";
				INFOPLIST_FILE = MonteCarloSimulatorTests/Info.plist;
				LD_RUNPATH_SEARCH_PATHS = "$(inherited) @executable_path/Frameworks @loader_path/Frameworks";
				PRODUCT_BUNDLE_IDENTIFIER = EECS393.MonteCarloSimulatorTests;
				PRODUCT_NAME = "$(TARGET_NAME)";
				TEST_HOST = "$(BUILT_PRODUCTS_DIR)/MonteCarloSimulator.app/MonteCarloSimulator";
			};
			name = Debug;
		};
		DACC34631DBC136200B7DBF4 /* Release */ = {
			isa = XCBuildConfiguration;
			baseConfigurationReference = 5712F9A486BEE6FFB2242BD8 /* Pods-MonteCarloSimulatorTests.release.xcconfig */;
			buildSettings = {
				BUNDLE_LOADER = "$(TEST_HOST)";
				INFOPLIST_FILE = MonteCarloSimulatorTests/Info.plist;
				LD_RUNPATH_SEARCH_PATHS = "$(inherited) @executable_path/Frameworks @loader_path/Frameworks";
				PRODUCT_BUNDLE_IDENTIFIER = EECS393.MonteCarloSimulatorTests;
				PRODUCT_NAME = "$(TARGET_NAME)";
				TEST_HOST = "$(BUILT_PRODUCTS_DIR)/MonteCarloSimulator.app/MonteCarloSimulator";
			};
			name = Release;
		};
		DACC34651DBC136200B7DBF4 /* Debug */ = {
			isa = XCBuildConfiguration;
			baseConfigurationReference = CF74FBF98E2472CB7F30F0F5 /* Pods-MonteCarloSimulatorUITests.debug.xcconfig */;
			buildSettings = {
				INFOPLIST_FILE = MonteCarloSimulatorUITests/Info.plist;
				LD_RUNPATH_SEARCH_PATHS = "$(inherited) @executable_path/Frameworks @loader_path/Frameworks";
				PRODUCT_BUNDLE_IDENTIFIER = EECS393.MonteCarloSimulatorUITests;
				PRODUCT_NAME = "$(TARGET_NAME)";
				TEST_TARGET_NAME = MonteCarloSimulator;
				USES_XCTRUNNER = YES;
			};
			name = Debug;
		};
		DACC34661DBC136200B7DBF4 /* Release */ = {
			isa = XCBuildConfiguration;
			baseConfigurationReference = 84C32A32B857102DD69450FD /* Pods-MonteCarloSimulatorUITests.release.xcconfig */;
			buildSettings = {
				INFOPLIST_FILE = MonteCarloSimulatorUITests/Info.plist;
				LD_RUNPATH_SEARCH_PATHS = "$(inherited) @executable_path/Frameworks @loader_path/Frameworks";
				PRODUCT_BUNDLE_IDENTIFIER = EECS393.MonteCarloSimulatorUITests;
				PRODUCT_NAME = "$(TARGET_NAME)";
				TEST_TARGET_NAME = MonteCarloSimulator;
				USES_XCTRUNNER = YES;
			};
			name = Release;
		};
/* End XCBuildConfiguration section */

/* Begin XCConfigurationList section */
		DACC342E1DBC136200B7DBF4 /* Build configuration list for PBXProject "MonteCarloSimulator" */ = {
			isa = XCConfigurationList;
			buildConfigurations = (
				DACC345C1DBC136200B7DBF4 /* Debug */,
				DACC345D1DBC136200B7DBF4 /* Release */,
			);
			defaultConfigurationIsVisible = 0;
			defaultConfigurationName = Release;
		};
		DACC345E1DBC136200B7DBF4 /* Build configuration list for PBXNativeTarget "MonteCarloSimulator" */ = {
			isa = XCConfigurationList;
			buildConfigurations = (
				DACC345F1DBC136200B7DBF4 /* Debug */,
				DACC34601DBC136200B7DBF4 /* Release */,
			);
			defaultConfigurationIsVisible = 0;
			defaultConfigurationName = Release;
		};
		DACC34611DBC136200B7DBF4 /* Build configuration list for PBXNativeTarget "MonteCarloSimulatorTests" */ = {
			isa = XCConfigurationList;
			buildConfigurations = (
				DACC34621DBC136200B7DBF4 /* Debug */,
				DACC34631DBC136200B7DBF4 /* Release */,
			);
			defaultConfigurationIsVisible = 0;
			defaultConfigurationName = Release;
		};
		DACC34641DBC136200B7DBF4 /* Build configuration list for PBXNativeTarget "MonteCarloSimulatorUITests" */ = {
			isa = XCConfigurationList;
			buildConfigurations = (
				DACC34651DBC136200B7DBF4 /* Debug */,
				DACC34661DBC136200B7DBF4 /* Release */,
			);
			defaultConfigurationIsVisible = 0;
			defaultConfigurationName = Release;
		};
/* End XCConfigurationList section */

/* Begin XCVersionGroup section */
		DACC343D1DBC136200B7DBF4 /* MonteCarloSimulator.xcdatamodeld */ = {
			isa = XCVersionGroup;
			children = (
				DACC343E1DBC136200B7DBF4 /* MonteCarloSimulator.xcdatamodel */,
			);
			currentVersion = DACC343E1DBC136200B7DBF4 /* MonteCarloSimulator.xcdatamodel */;
			path = MonteCarloSimulator.xcdatamodeld;
			sourceTree = "<group>";
			versionGroupType = wrapper.xcdatamodel;
		};
/* End XCVersionGroup section */
	};
	rootObject = DACC342B1DBC136200B7DBF4 /* Project object */;
}
